
Microsoft Visual Studio Solution File, Format Version 12.00
# Visual Studio Version 16
VisualStudioVersion = 16.0.29728.190
MinimumVisualStudioVersion = 10.0.40219.1
Project("{FAE04EC0-301F-11D3-BF4B-00C04F79EFBC}") = "MyTimer", "MyTimer\MyTimer.csproj", "{6640C301-4361-4557-B1A1-475F0E0A8A5E}"
EndProject
Global
	GlobalSection(SolutionConfigurationPlatforms) = preSolution
		Debug|Any CPU = Debug|Any CPU
		Release|Any CPU = Release|Any CPU
	EndGlobalSection
	GlobalSection(ProjectConfigurationPlatforms) = postSolution
		{6640C301-4361-4557-B1A1-475F0E0A8A5E}.Debug|Any CPU.ActiveCfg = Debug|Any CPU
		{6640C301-4361-4557-B1A1-475F0E0A8A5E}.Debug|Any CPU.Build.0 = Debug|Any CPU
		{6640C301-4361-4557-B1A1-475F0E0A8A5E}.Release|Any CPU.ActiveCfg = Release|Any CPU
		{6640C301-4361-4557-B1A1-475F0E0A8A5E}.Release|Any CPU.Build.0 = Release|Any CPU
	EndGlobalSection
	GlobalSection(SolutionProperties) = preSolution
		HideSolutionNode = FALSE
	EndGlobalSection
	GlobalSection(ExtensibilityGlobals) = postSolution
		SolutionGuid = {EA67227E-3787-49D3-8EEC-D0B02D5F6FE8}
	EndGlobalSection
EndGlobal
